
Microsoft Visual Studio Solution File, Format Version 12.00
# Visual Studio 2013
VisualStudioVersion = 12.0.21005.1
MinimumVisualStudioVersion = 10.0.40219.1
Project("{2150E333-8FDC-42A3-9474-1A3956D46DE8}") = ".nuget", ".nuget", "{58AA8949-55D3-4C81-BE4D-4CC3AED88BC8}"
	ProjectSection(SolutionItems) = preProject
		.nuget\NuGet.Config = .nuget\NuGet.Config
		.nuget\NuGet.exe = .nuget\NuGet.exe
		.nuget\NuGet.targets = .nuget\NuGet.targets
	EndProjectSection
EndProject
Project("{FAE04EC0-301F-11D3-BF4B-00C04F79EFBC}") = "XApps.Web", "XApps.Web\XApps.Web.csproj", "{6D41830A-81E3-4EE9-9DD4-91D9B58D8A36}"
EndProject
Project("{FAE04EC0-301F-11D3-BF4B-00C04F79EFBC}") = "XApps.WebApi", "XApps.WebApi\XApps.WebApi.csproj", "{526F1040-AD76-4F9D-914A-FE0247698238}"
EndProject
Global
	GlobalSection(SolutionConfigurationPlatforms) = preSolution
		Debug|Any CPU = Debug|Any CPU
		Release|Any CPU = Release|Any CPU
	EndGlobalSection
	GlobalSection(ProjectConfigurationPlatforms) = postSolution
		{6D41830A-81E3-4EE9-9DD4-91D9B58D8A36}.Debug|Any CPU.ActiveCfg = Debug|Any CPU
		{6D41830A-81E3-4EE9-9DD4-91D9B58D8A36}.Debug|Any CPU.Build.0 = Debug|Any CPU
		{6D41830A-81E3-4EE9-9DD4-91D9B58D8A36}.Release|Any CPU.ActiveCfg = Release|Any CPU
		{6D41830A-81E3-4EE9-9DD4-91D9B58D8A36}.Release|Any CPU.Build.0 = Release|Any CPU
		{526F1040-AD76-4F9D-914A-FE0247698238}.Debug|Any CPU.ActiveCfg = Debug|Any CPU
		{526F1040-AD76-4F9D-914A-FE0247698238}.Debug|Any CPU.Build.0 = Debug|Any CPU
		{526F1040-AD76-4F9D-914A-FE0247698238}.Release|Any CPU.ActiveCfg = Release|Any CPU
		{526F1040-AD76-4F9D-914A-FE0247698238}.Release|Any CPU.Build.0 = Release|Any CPU
	EndGlobalSection
	GlobalSection(SolutionProperties) = preSolution
		HideSolutionNode = FALSE
	EndGlobalSection
EndGlobal
