
Microsoft Visual Studio Solution File, Format Version 12.00
# Visual Studio 2013
VisualStudioVersion = 12.0.21005.1
MinimumVisualStudioVersion = 10.0.40219.1
Project("{FAE04EC0-301F-11D3-BF4B-00C04F79EFBC}") = "XApps", "XApps\XApps.csproj", "{AA94AA15-968A-4969-B10B-AA699D70D146}"
EndProject
Project("{FAE04EC0-301F-11D3-BF4B-00C04F79EFBC}") = "XApps.Data", "XApps.Data\XApps.Data.csproj", "{AD169697-3CAB-46AE-AC05-102B39867030}"
EndProject
Project("{FAE04EC0-301F-11D3-BF4B-00C04F79EFBC}") = "XApps.Model", "XApps.Model\XApps.Model.csproj", "{1CE8121D-32CB-493E-ADB7-D0760DD5DF0C}"
EndProject
Global
	GlobalSection(SolutionConfigurationPlatforms) = preSolution
		Debug|Any CPU = Debug|Any CPU
		Release|Any CPU = Release|Any CPU
	EndGlobalSection
	GlobalSection(ProjectConfigurationPlatforms) = postSolution
		{AA94AA15-968A-4969-B10B-AA699D70D146}.Debug|Any CPU.ActiveCfg = Debug|Any CPU
		{AA94AA15-968A-4969-B10B-AA699D70D146}.Debug|Any CPU.Build.0 = Debug|Any CPU
		{AA94AA15-968A-4969-B10B-AA699D70D146}.Release|Any CPU.ActiveCfg = Release|Any CPU
		{AA94AA15-968A-4969-B10B-AA699D70D146}.Release|Any CPU.Build.0 = Release|Any CPU
		{AD169697-3CAB-46AE-AC05-102B39867030}.Debug|Any CPU.ActiveCfg = Debug|Any CPU
		{AD169697-3CAB-46AE-AC05-102B39867030}.Debug|Any CPU.Build.0 = Debug|Any CPU
		{AD169697-3CAB-46AE-AC05-102B39867030}.Release|Any CPU.ActiveCfg = Release|Any CPU
		{AD169697-3CAB-46AE-AC05-102B39867030}.Release|Any CPU.Build.0 = Release|Any CPU
		{1CE8121D-32CB-493E-ADB7-D0760DD5DF0C}.Debug|Any CPU.ActiveCfg = Debug|Any CPU
		{1CE8121D-32CB-493E-ADB7-D0760DD5DF0C}.Debug|Any CPU.Build.0 = Debug|Any CPU
		{1CE8121D-32CB-493E-ADB7-D0760DD5DF0C}.Release|Any CPU.ActiveCfg = Release|Any CPU
		{1CE8121D-32CB-493E-ADB7-D0760DD5DF0C}.Release|Any CPU.Build.0 = Release|Any CPU
	EndGlobalSection
	GlobalSection(SolutionProperties) = preSolution
		HideSolutionNode = FALSE
	EndGlobalSection
EndGlobal
